{
    "version": 3,
    "terraform_version": "0.8.7",
    "serial": 1,
    "lineage": "28d50ce3-5b4f-4253-8083-60d1a0d09f50",
    "modules": [
        {
            "path": [
                "root"
            ],
            "outputs": {},
            "resources": {},
            "depends_on": []
        },
        {
            "path": [
                "root",
                "bootcamp-portal"
            ],
            "outputs": {},
            "resources": {
                "aws_vpc.main": {
                    "type": "aws_vpc",
                    "depends_on": [],
                    "primary": {
                        "id": "vpc-1792aa73",
                        "attributes": {
                            "cidr_block": "10.0.0.0/16",
                            "default_network_acl_id": "acl-28f40e4f",
                            "default_route_table_id": "rtb-75fc2112",
                            "default_security_group_id": "sg-26f5fb40",
                            "dhcp_options_id": "dopt-034bce67",
                            "enable_classiclink": "false",
                            "enable_dns_hostnames": "false",
                            "enable_dns_support": "true",
                            "id": "vpc-1792aa73",
                            "instance_tenancy": "default",
                            "main_route_table_id": "rtb-75fc2112",
                            "tags.%": "0"
                        },
                        "meta": {},
                        "tainted": false
                    },
                    "deposed": [],
                    "provider": ""
                }
            },
            "depends_on": []
        }
    ]
}
